
Microsoft Visual Studio Solution File, Format Version 12.00
# Visual Studio Version 17
VisualStudioVersion = 17.1.32319.34
MinimumVisualStudioVersion = 10.0.40219.1
Project("{FAE04EC0-301F-11D3-BF4B-00C04F79EFBC}") = "HW7.8", "HW7.8\HW7.8.csproj", "{749D718A-1082-40EA-B6EB-3201F49BC451}"
EndProject
Global
	GlobalSection(SolutionConfigurationPlatforms) = preSolution
		Debug|Any CPU = Debug|Any CPU
		Release|Any CPU = Release|Any CPU
	EndGlobalSection
	GlobalSection(ProjectConfigurationPlatforms) = postSolution
		{749D718A-1082-40EA-B6EB-3201F49BC451}.Debug|Any CPU.ActiveCfg = Debug|Any CPU
		{749D718A-1082-40EA-B6EB-3201F49BC451}.Debug|Any CPU.Build.0 = Debug|Any CPU
		{749D718A-1082-40EA-B6EB-3201F49BC451}.Release|Any CPU.ActiveCfg = Release|Any CPU
		{749D718A-1082-40EA-B6EB-3201F49BC451}.Release|Any CPU.Build.0 = Release|Any CPU
	EndGlobalSection
	GlobalSection(SolutionProperties) = preSolution
		HideSolutionNode = FALSE
	EndGlobalSection
	GlobalSection(ExtensibilityGlobals) = postSolution
		SolutionGuid = {5198A63C-5C1C-4897-974D-924AF6F6E692}
	EndGlobalSection
EndGlobal
